
Microsoft Visual Studio Solution File, Format Version 12.00
# Visual Studio Version 17
VisualStudioVersion = 17.14.36705.20 d17.14
MinimumVisualStudioVersion = 10.0.40219.1
Project("{8BC9CEB8-8B4A-11D0-8D11-00A0C91BC942}") = "LearnGameEngine", "LearnGameEngine\LearnGameEngine.vcxproj", "{DBE02013-BCE5-4629-81C6-024D274BB3E0}"
EndProject
Global
	GlobalSection(SolutionConfigurationPlatforms) = preSolution
		Debug|x64 = Debug|x64
		Debug|x86 = Debug|x86
		Release|x64 = Release|x64
		Release|x86 = Release|x86
	EndGlobalSection
	GlobalSection(ProjectConfigurationPlatforms) = postSolution
		{DBE02013-BCE5-4629-81C6-024D274BB3E0}.Debug|x64.ActiveCfg = Debug|x64
		{DBE02013-BCE5-4629-81C6-024D274BB3E0}.Debug|x64.Build.0 = Debug|x64
		{DBE02013-BCE5-4629-81C6-024D274BB3E0}.Debug|x86.ActiveCfg = Debug|Win32
		{DBE02013-BCE5-4629-81C6-024D274BB3E0}.Debug|x86.Build.0 = Debug|Win32
		{DBE02013-BCE5-4629-81C6-024D274BB3E0}.Release|x64.ActiveCfg = Release|x64
		{DBE02013-BCE5-4629-81C6-024D274BB3E0}.Release|x64.Build.0 = Release|x64
		{DBE02013-BCE5-4629-81C6-024D274BB3E0}.Release|x86.ActiveCfg = Release|Win32
		{DBE02013-BCE5-4629-81C6-024D274BB3E0}.Release|x86.Build.0 = Release|Win32
	EndGlobalSection
	GlobalSection(SolutionProperties) = preSolution
		HideSolutionNode = FALSE
	EndGlobalSection
	GlobalSection(ExtensibilityGlobals) = postSolution
		SolutionGuid = {C5F296CF-7C0E-4E1C-B93C-13E4630D1C21}
	EndGlobalSection
EndGlobal
