<?xml version="1.0" encoding="utf-8"?>
<Project ToolsVersion="4.0" xmlns="http://schemas.microsoft.com/developer/msbuild/2003">
  <ItemGroup>
    <Filter Include="Source Files">
      <UniqueIdentifier>{4FC737F1-C7A5-4376-A066-2A32D752A2FF}</UniqueIdentifier>
      <Extensions>cpp;c;cc;cxx;c++;cppm;ixx;def;odl;idl;hpj;bat;asm;asmx</Extensions>
    </Filter>
    <Filter Include="Header Files">
      <UniqueIdentifier>{93995380-89BD-4b04-88EB-625FBE52EBFB}</UniqueIdentifier>
      <Extensions>h;hh;hpp;hxx;h++;hm;inl;inc;ipp;xsd</Extensions>
    </Filter>
    <Filter Include="Resource Files">
      <UniqueIdentifier>{67DA6AB6-F800-4c08-8B7A-83BB121AAD01}</UniqueIdentifier>
      <Extensions>rc;ico;cur;bmp;dlg;rc2;rct;bin;rgs;gif;jpg;jpeg;jpe;resx;tiff;tif;png;wav;mfcribbon-ms</Extensions>
    </Filter>
    <Filter Include="Source Files\external">
      <UniqueIdentifier>{337b4e85-7df4-46aa-98a6-0977ea591b1c}</UniqueIdentifier>
    </Filter>
    <Filter Include="Source Files\external\imgui">
      <UniqueIdentifier>{26c40787-5af0-4eb5-9228-bd5bdafbcc00}</UniqueIdentifier>
    </Filter>
    <Filter Include="Header Files\external">
      <UniqueIdentifier>{9e94a6b6-b439-47e5-9154-3d0c2e1c34b5}</UniqueIdentifier>
    </Filter>
    <Filter Include="Header Files\external\imgui">
      <UniqueIdentifier>{5ce63fd0-904a-4fe0-85dd-1ddfe3102143}</UniqueIdentifier>
    </Filter>
    <Filter Include="Header Files\external\tinyobjloader">
      <UniqueIdentifier>{f56c0cd1-b564-47c2-8627-2c50c619925b}</UniqueIdentifier>
    </Filter>
    <Filter Include="Source Files\core">
      <UniqueIdentifier>{6afedc45-6cf8-42c7-b348-47b5a9c6f5f4}</UniqueIdentifier>
    </Filter>
    <Filter Include="Source Files\debug">
      <UniqueIdentifier>{81027967-9e66-4b59-9c2f-b59821b0bd1b}</UniqueIdentifier>
    </Filter>
    <Filter Include="Source Files\graphics">
      <UniqueIdentifier>{9ebdb4e0-7e42-424b-bf1b-9c45f2f5a77a}</UniqueIdentifier>
    </Filter>
    <Filter Include="Source Files\scene">
      <UniqueIdentifier>{d6ee8196-0b28-4f0f-8533-d7074d4e4fa4}</UniqueIdentifier>
    </Filter>
    <Filter Include="Source Files\components">
      <UniqueIdentifier>{e65eb7fa-52b8-46af-b80f-6957d4f76829}</UniqueIdentifier>
    </Filter>
    <Filter Include="Source Files\assets">
      <UniqueIdentifier>{30b62276-5469-4fb9-a0c3-884373c3d040}</UniqueIdentifier>
    </Filter>
    <Filter Include="Header Files\core">
      <UniqueIdentifier>{0a2e52c6-19d0-4f3c-a848-e231a83b65d7}</UniqueIdentifier>
    </Filter>
    <Filter Include="Header Files\debug">
      <UniqueIdentifier>{d8a758c0-9d2f-4585-8ff4-87db6d7e0716}</UniqueIdentifier>
    </Filter>
    <Filter Include="Header Files\graphics">
      <UniqueIdentifier>{7b4aa6a8-2957-4bfb-a94f-233cfd6703eb}</UniqueIdentifier>
    </Filter>
    <Filter Include="Header Files\scene">
      <UniqueIdentifier>{e33e24b6-6d2e-4bb2-88ed-8fbba5d0ab37}</UniqueIdentifier>
    </Filter>
    <Filter Include="Header Files\components">
      <UniqueIdentifier>{29dd3267-aa60-4f81-ab18-18db6cfacbd3}</UniqueIdentifier>
    </Filter>
    <Filter Include="Header Files\assets">
      <UniqueIdentifier>{cf83a7d4-d5d6-471f-88b6-866f63a58078}</UniqueIdentifier>
    </Filter>
    <Filter Include="Resource Files\assets">
      <UniqueIdentifier>{cd75989d-e614-461d-9265-a5c6fc3b39bf}</UniqueIdentifier>
    </Filter>
    <Filter Include="Resource Files\assets\shaders">
      <UniqueIdentifier>{b0f11e83-6cf8-4ae3-b52e-3f56f6fed4e5}</UniqueIdentifier>
    </Filter>
    <Filter Include="Resource Files\assets\models">
      <UniqueIdentifier>{7054a662-ad90-47ef-b4a6-f236e7c76f1a}</UniqueIdentifier>
    </Filter>
  </ItemGroup>
  <ItemGroup>
    <ClCompile Include="external\glad\src\glad.c">
      <Filter>Source Files\external</Filter>
    </ClCompile>
    <ClCompile Include="src\main.cpp">
      <Filter>Source Files</Filter>
    </ClCompile>
    <ClCompile Include="external\imgui\imgui.cpp">
      <Filter>Source Files\external\imgui</Filter>
    </ClCompile>
    <ClCompile Include="external\imgui\imgui_demo.cpp">
      <Filter>Source Files\external\imgui</Filter>
    </ClCompile>
    <ClCompile Include="external\imgui\imgui_draw.cpp">
      <Filter>Source Files\external\imgui</Filter>
    </ClCompile>
    <ClCompile Include="external\imgui\imgui_tables.cpp">
      <Filter>Source Files\external\imgui</Filter>
    </ClCompile>
    <ClCompile Include="external\imgui\imgui_widgets.cpp">
      <Filter>Source Files\external\imgui</Filter>
    </ClCompile>
    <ClCompile Include="external\imgui\backends\imgui_impl_glfw.cpp">
      <Filter>Source Files\external\imgui</Filter>
    </ClCompile>
    <ClCompile Include="external\imgui\backends\imgui_impl_opengl3.cpp">
      <Filter>Source Files\external\imgui</Filter>
    </ClCompile>
    <ClCompile Include="src\pch.cpp">
      <Filter>Source Files</Filter>
    </ClCompile>
    <ClCompile Include="src\core\engine.cpp">
      <Filter>Source Files\core</Filter>
    </ClCompile>
    <ClCompile Include="src\debug\profiler_ui.cpp">
      <Filter>Source Files\debug</Filter>
    </ClCompile>
    <ClCompile Include="src\debug\profiler.cpp">
      <Filter>Source Files\debug</Filter>
    </ClCompile>
    <ClCompile Include="src\debug\debug.cpp">
      <Filter>Source Files\debug</Filter>
    </ClCompile>
    <ClCompile Include="src\graphics\renderer.cpp">
      <Filter>Source Files\graphics</Filter>
    </ClCompile>
    <ClCompile Include="src\graphics\shader.cpp">
      <Filter>Source Files\graphics</Filter>
    </ClCompile>
    <ClCompile Include="src\graphics\mesh.cpp">
      <Filter>Source Files\graphics</Filter>
    </ClCompile>
    <ClCompile Include="src\graphics\vertex_array.cpp">
      <Filter>Source Files\graphics</Filter>
    </ClCompile>
    <ClCompile Include="src\graphics\vertex_buffer.cpp">
      <Filter>Source Files\graphics</Filter>
    </ClCompile>
    <ClCompile Include="src\graphics\camera.cpp">
      <Filter>Source Files\graphics</Filter>
    </ClCompile>
    <ClCompile Include="src\graphics\texture2d.cpp">
      <Filter>Source Files\graphics</Filter>
    </ClCompile>
    <ClCompile Include="src\core\file_system.cpp">
      <Filter>Source Files\core</Filter>
    </ClCompile>
    <ClCompile Include="src\scene\scene.cpp">
      <Filter>Source Files\scene</Filter>
    </ClCompile>
    <ClCompile Include="src\components\transform2d.cpp">
      <Filter>Source Files\components</Filter>
    </ClCompile>
    <ClCompile Include="src\graphics\index_buffer.cpp">
      <Filter>Source Files\graphics</Filter>
    </ClCompile>
    <ClCompile Include="src\graphics\vertex_layout.cpp">
      <Filter>Source Files\graphics</Filter>
    </ClCompile>
    <ClCompile Include="src\assets\texture_registry.cpp">
      <Filter>Source Files\assets</Filter>
    </ClCompile>
    <ClCompile Include="src\assets\shader_registry.cpp">
      <Filter>Source Files\assets</Filter>
    </ClCompile>
    <ClCompile Include="src\assets\material_registry.cpp">
      <Filter>Source Files\assets</Filter>
    </ClCompile>
    <ClCompile Include="src\assets\asset_manager.cpp">
      <Filter>Source Files\assets</Filter>
    </ClCompile>
    <ClCompile Include="src\assets\mesh_registry.cpp">
      <Filter>Source Files\assets</Filter>
    </ClCompile>
    <ClCompile Include="src\assets\mesh_source_data.cpp">
      <Filter>Source Files\assets</Filter>
    </ClCompile>
    <ClCompile Include="src\assets\primitives\primitive_mesh2d.cpp">
      <Filter>Source Files\assets</Filter>
    </ClCompile>
  </ItemGroup>
  <ItemGroup>
    <ClInclude Include="external\imgui\imconfig.h">
      <Filter>Header Files\external\imgui</Filter>
    </ClInclude>
    <ClInclude Include="external\imgui\imgui.h">
      <Filter>Header Files\external\imgui</Filter>
    </ClInclude>
    <ClInclude Include="external\imgui\imgui_internal.h">
      <Filter>Header Files\external\imgui</Filter>
    </ClInclude>
    <ClInclude Include="external\imgui\backends\imgui_impl_glfw.h">
      <Filter>Header Files\external\imgui</Filter>
    </ClInclude>
    <ClInclude Include="external\imgui\backends\imgui_impl_opengl3.h">
      <Filter>Header Files\external\imgui</Filter>
    </ClInclude>
    <ClInclude Include="external\imgui\imstb_rectpack.h">
      <Filter>Header Files\external\imgui</Filter>
    </ClInclude>
    <ClInclude Include="external\imgui\imstb_textedit.h">
      <Filter>Header Files\external\imgui</Filter>
    </ClInclude>
    <ClInclude Include="external\imgui\backends\imgui_impl_opengl3_loader.h">
      <Filter>Header Files\external\imgui</Filter>
    </ClInclude>
    <ClInclude Include="external\imgui\imstb_truetype.h">
      <Filter>Header Files\external\imgui</Filter>
    </ClInclude>
    <ClInclude Include="external\tinyobjloader\tiny_obj_loader.h">
      <Filter>Header Files\external\tinyobjloader</Filter>
    </ClInclude>
    <ClInclude Include="src\pch.hpp">
      <Filter>Header Files</Filter>
    </ClInclude>
    <ClInclude Include="src\core\engine.hpp">
      <Filter>Header Files\core</Filter>
    </ClInclude>
    <ClInclude Include="src\core\ring_buffer.hpp">
      <Filter>Header Files\core</Filter>
    </ClInclude>
    <ClInclude Include="src\core\file_system.hpp">
      <Filter>Header Files\core</Filter>
    </ClInclude>
    <ClInclude Include="src\scene\gameobject.hpp">
      <Filter>Header Files\scene</Filter>
    </ClInclude>
    <ClInclude Include="src\scene\scene.hpp">
      <Filter>Header Files\scene</Filter>
    </ClInclude>
    <ClInclude Include="src\components\sprite_component.hpp">
      <Filter>Header Files\components</Filter>
    </ClInclude>
    <ClInclude Include="src\core\time.hpp">
      <Filter>Header Files\core</Filter>
    </ClInclude>
    <ClInclude Include="src\components\transform2d.hpp">
      <Filter>Header Files\components</Filter>
    </ClInclude>
    <ClInclude Include="src\debug\profiler_ui.hpp">
      <Filter>Header Files\debug</Filter>
    </ClInclude>
    <ClInclude Include="src\debug\profiler.hpp">
      <Filter>Header Files\debug</Filter>
    </ClInclude>
    <ClInclude Include="src\debug\debug.hpp">
      <Filter>Header Files\debug</Filter>
    </ClInclude>
    <ClInclude Include="src\graphics\drawcmd.hpp">
      <Filter>Header Files\graphics</Filter>
    </ClInclude>
    <ClInclude Include="src\graphics\renderer.hpp">
      <Filter>Header Files\graphics</Filter>
    </ClInclude>
    <ClInclude Include="src\graphics\shader.hpp">
      <Filter>Header Files\graphics</Filter>
    </ClInclude>
    <ClInclude Include="src\graphics\mesh.hpp">
      <Filter>Header Files\graphics</Filter>
    </ClInclude>
    <ClInclude Include="src\graphics\vertex_array.hpp">
      <Filter>Header Files\graphics</Filter>
    </ClInclude>
    <ClInclude Include="src\graphics\vertex_buffer.hpp">
      <Filter>Header Files\graphics</Filter>
    </ClInclude>
    <ClInclude Include="src\graphics\camera.hpp">
      <Filter>Header Files\graphics</Filter>
    </ClInclude>
    <ClInclude Include="src\graphics\texture2d.hpp">
      <Filter>Header Files\graphics</Filter>
    </ClInclude>
    <ClInclude Include="src\graphics\vertex_layout.hpp">
      <Filter>Header Files\graphics</Filter>
    </ClInclude>
    <ClInclude Include="src\graphics\index_buffer.hpp">
      <Filter>Header Files\graphics</Filter>
    </ClInclude>
    <ClInclude Include="src\graphics\mesh_data.hpp">
      <Filter>Header Files\graphics</Filter>
    </ClInclude>
    <ClInclude Include="src\graphics\render_state.hpp">
      <Filter>Header Files\graphics</Filter>
    </ClInclude>
    <ClInclude Include="src\graphics\material.hpp">
      <Filter>Header Files\graphics</Filter>
    </ClInclude>
    <ClInclude Include="src\graphics\primitive_topology.hpp">
      <Filter>Header Files\graphics</Filter>
    </ClInclude>
    <ClInclude Include="src\graphics\blend_mode.hpp">
      <Filter>Header Files\graphics</Filter>
    </ClInclude>
    <ClInclude Include="src\assets\asset_handle.hpp">
      <Filter>Header Files\assets</Filter>
    </ClInclude>
    <ClInclude Include="src\assets\material_registry.hpp">
      <Filter>Header Files\assets</Filter>
    </ClInclude>
    <ClInclude Include="src\assets\texture_registry.hpp">
      <Filter>Header Files\assets</Filter>
    </ClInclude>
    <ClInclude Include="src\assets\shader_registry.hpp">
      <Filter>Header Files\assets</Filter>
    </ClInclude>
    <ClInclude Include="src\assets\asset_manager.hpp">
      <Filter>Header Files\assets</Filter>
    </ClInclude>
    <ClInclude Include="src\assets\mesh_registry.hpp">
      <Filter>Header Files\assets</Filter>
    </ClInclude>
    <ClInclude Include="src\assets\mesh_source_data.hpp">
      <Filter>Header Files\assets</Filter>
    </ClInclude>
    <ClInclude Include="src\assets\primitives\primitive_mesh2d.hpp">
      <Filter>Header Files\assets</Filter>
    </ClInclude>
  </ItemGroup>
  <ItemGroup>
    <None Include="assets\models\test_quad.obj">
      <Filter>Resource Files\assets\models</Filter>
    </None>
    <None Include="assets\models\test_triangle.obj">
      <Filter>Resource Files\assets\models</Filter>
    </None>
    <None Include="assets\models\test_two_shapes.obj">
      <Filter>Resource Files\assets\models</Filter>
    </None>
    <None Include="assets\shaders\sprite.frag">
      <Filter>Resource Files\assets\shaders</Filter>
    </None>
    <None Include="assets\shaders\sprite.vert">
      <Filter>Resource Files\assets\shaders</Filter>
    </None>
    <None Include="todo.md">
      <Filter>Resource Files</Filter>
    </None>
  </ItemGroup>
</Project>
